
Microsoft Visual Studio Solution File, Format Version 12.00
# Visual Studio Version 17
VisualStudioVersion = 17.4.33205.214
MinimumVisualStudioVersion = 10.0.40219.1
Project("{FAE04EC0-301F-11D3-BF4B-00C04F79EFBC}") = "ArtExchange.Api", "ArtExchange.Api\ArtExchange.Api.csproj", "{69981879-3FAE-4612-9459-8AC6CE5EDD0D}"
EndProject
Global
	GlobalSection(SolutionConfigurationPlatforms) = preSolution
		Debug|Any CPU = Debug|Any CPU
		Release|Any CPU = Release|Any CPU
	EndGlobalSection
	GlobalSection(ProjectConfigurationPlatforms) = postSolution
		{69981879-3FAE-4612-9459-8AC6CE5EDD0D}.Debug|Any CPU.ActiveCfg = Debug|Any CPU
		{69981879-3FAE-4612-9459-8AC6CE5EDD0D}.Debug|Any CPU.Build.0 = Debug|Any CPU
		{69981879-3FAE-4612-9459-8AC6CE5EDD0D}.Release|Any CPU.ActiveCfg = Release|Any CPU
		{69981879-3FAE-4612-9459-8AC6CE5EDD0D}.Release|Any CPU.Build.0 = Release|Any CPU
	EndGlobalSection
	GlobalSection(SolutionProperties) = preSolution
		HideSolutionNode = FALSE
	EndGlobalSection
	GlobalSection(ExtensibilityGlobals) = postSolution
		SolutionGuid = {A3361E09-1870-43A6-9082-9542D44DCEB5}
	EndGlobalSection
EndGlobal
